
Microsoft Visual Studio Solution File, Format Version 12.00
# Visual Studio Version 16
VisualStudioVersion = 16.0.30114.105
MinimumVisualStudioVersion = 10.0.40219.1
Project("{2150E333-8FDC-42A3-9474-1A3956D46DE8}") = "src", "src", "{55093532-1741-4060-99BD-6730D62C2D07}"
EndProject
Project("{FAE04EC0-301F-11D3-BF4B-00C04F79EFBC}") = "StudentGrades", "src\StudentGrades\StudentGrades.csproj", "{8CBFFE4D-8194-4EA1-8D4A-38527F6B6641}"
EndProject
Project("{2150E333-8FDC-42A3-9474-1A3956D46DE8}") = "test", "test", "{AAFCA97F-0CE9-4499-9001-11F4A515B969}"
EndProject
Project("{FAE04EC0-301F-11D3-BF4B-00C04F79EFBC}") = "Students.Tests", "test\Students.Tests\Students.Tests.csproj", "{62035E97-ECF7-4082-9FC0-F835DF890A95}"
EndProject
Global
	GlobalSection(SolutionConfigurationPlatforms) = preSolution
		Debug|Any CPU = Debug|Any CPU
		Release|Any CPU = Release|Any CPU
	EndGlobalSection
	GlobalSection(SolutionProperties) = preSolution
		HideSolutionNode = FALSE
	EndGlobalSection
	GlobalSection(ProjectConfigurationPlatforms) = postSolution
		{8CBFFE4D-8194-4EA1-8D4A-38527F6B6641}.Debug|Any CPU.ActiveCfg = Debug|Any CPU
		{8CBFFE4D-8194-4EA1-8D4A-38527F6B6641}.Debug|Any CPU.Build.0 = Debug|Any CPU
		{8CBFFE4D-8194-4EA1-8D4A-38527F6B6641}.Release|Any CPU.ActiveCfg = Release|Any CPU
		{8CBFFE4D-8194-4EA1-8D4A-38527F6B6641}.Release|Any CPU.Build.0 = Release|Any CPU
		{62035E97-ECF7-4082-9FC0-F835DF890A95}.Debug|Any CPU.ActiveCfg = Debug|Any CPU
		{62035E97-ECF7-4082-9FC0-F835DF890A95}.Debug|Any CPU.Build.0 = Debug|Any CPU
		{62035E97-ECF7-4082-9FC0-F835DF890A95}.Release|Any CPU.ActiveCfg = Release|Any CPU
		{62035E97-ECF7-4082-9FC0-F835DF890A95}.Release|Any CPU.Build.0 = Release|Any CPU
	EndGlobalSection
	GlobalSection(NestedProjects) = preSolution
		{8CBFFE4D-8194-4EA1-8D4A-38527F6B6641} = {55093532-1741-4060-99BD-6730D62C2D07}
		{62035E97-ECF7-4082-9FC0-F835DF890A95} = {AAFCA97F-0CE9-4499-9001-11F4A515B969}
	EndGlobalSection
EndGlobal
